
Microsoft Visual Studio Solution File, Format Version 12.00
# Visual Studio Version 17
VisualStudioVersion = 17.4.33213.308
MinimumVisualStudioVersion = 10.0.40219.1
Project("{FAE04EC0-301F-11D3-BF4B-00C04F79EFBC}") = "Practice", "Practice\Practice.csproj", "{A5B5E15C-DD01-425C-8098-C11A10C6DDCE}"
EndProject
Global
	GlobalSection(SolutionConfigurationPlatforms) = preSolution
		Debug|Any CPU = Debug|Any CPU
		Release|Any CPU = Release|Any CPU
	EndGlobalSection
	GlobalSection(ProjectConfigurationPlatforms) = postSolution
		{A5B5E15C-DD01-425C-8098-C11A10C6DDCE}.Debug|Any CPU.ActiveCfg = Debug|Any CPU
		{A5B5E15C-DD01-425C-8098-C11A10C6DDCE}.Debug|Any CPU.Build.0 = Debug|Any CPU
		{A5B5E15C-DD01-425C-8098-C11A10C6DDCE}.Release|Any CPU.ActiveCfg = Release|Any CPU
		{A5B5E15C-DD01-425C-8098-C11A10C6DDCE}.Release|Any CPU.Build.0 = Release|Any CPU
	EndGlobalSection
	GlobalSection(SolutionProperties) = preSolution
		HideSolutionNode = FALSE
	EndGlobalSection
	GlobalSection(ExtensibilityGlobals) = postSolution
		SolutionGuid = {F38996BA-62D0-4A2D-8AB7-37570ACFB6C7}
	EndGlobalSection
EndGlobal
